# This file was autogenerated by uv via the following command:
#    uv export --project apps/api --frozen --no-dev --no-emit-project --format requirements-txt --output-file apps/api/requirements.lock
absl-py==2.5.0 \
    --hash=sha256:0c996f25c0490700fadabe6351630f6111534fa0ae252cc6d2014ea3b141135f \
    --hash=sha256:0f17b89f2a4eaaedc4f28c622998aa690564b3012a396a4ffad0821007fe03ba
    # via ortools
alembic==1.20.0 \
    --hash=sha256:77eb101048d95f982c0353e9233404889dcd7a6fc244c107836c0e2fc9cf7d9d \
    --hash=sha256:db505480647bc60386c5369402f4a57a506b7539c9e9ef5e270d45cbbe4939bf
    # via fleet-delivery-api
annotated-doc==0.0.5 \
    --hash=sha256:117bac03a25ede5df5440e855b32d556049ca169ead221505badf432fed4b101 \
    --hash=sha256:c7e58ce09192557605d8bbd92836d7e1d520ac9580096042c0bfd197efacf1bb
    # via fastapi
annotated-types==0.8.0 \
    --hash=sha256:13b2beaad985e05e2d6407ee4c4f35590b11f8d693a258a561055cac8f64cab7 \
    --hash=sha256:f072f4d804ea359e4eaf198b1af7a8b0943881a87f31bb764f8bf219bb9419e0
    # via pydantic
anyio==4.15.1 \
    --hash=sha256:6152fdbbf9a77fdec97731721bebf7c4c44f7c29b424b0065826173efc7ed101 \
    --hash=sha256:9f28306018cbd6d329e64a36d58256edff76dd996fe423bc957326e578b82a94
    # via
    #   httpx
    #   starlette
    #   watchfiles
argon2-cffi==25.1.0 \
    --hash=sha256:694ae5cc8a42f4c4e2bf2ca0e64e51e23a040c6a517a85074683d3959e1346c1 \
    --hash=sha256:fdc8b074db390fccb6eb4a3604ae7231f219aa669a2652e0f20e16ba513d5741
    # via fleet-delivery-api
argon2-cffi-bindings==26.1.0 \
    --hash=sha256:21ca0396fe5ec995dd54431c32698189666f9224810acfa752e50d2bd94d9df2 \
    --hash=sha256:224865cbbcb7a2bd1356741dff12b0134df726b6d44bb7b500df8e303cbd9e81 \
    --hash=sha256:27f1821903e2ceadcb88ec2b45ef190897b7682449c772f4d9b53e42c520cf29 \
    --hash=sha256:2c36ff87b5dfaa477d0bd51e9d7f6abdae7c8955d2983c97419085d842154b3e \
    --hash=sha256:34b7d9c24a4165a2c61cc8ae11d44d48c9ce2830fb536cb7914e11fdd9962728 \
    --hash=sha256:63505c71542a44b68b1e38060450fb006404170da375feb31af153e7f9c6205d \
    --hash=sha256:78de2d65e0b9ea7ce9d1b1c3e87297b2d7305a02c266ee2a2d6910daddd7ee69 \
    --hash=sha256:a86c069c91a747a2c4e5c51473590aeb48172fff9b2130d23729a42d98665ecb \
    --hash=sha256:d88e5f7e60f28ae0b0cc6b2f16c43e87cd642a196a86f85e0d8bb6fe016fc16d \
    --hash=sha256:f9c4420a7a864fe1b86ce35befc95b8e39fb852493b81cf798671ddc265de638 \
    --hash=sha256:ffff613aaa9ce6236766e2fc6dc560bb5abde7a2e2416e3db1f9ae395a2b4dd4
    # via argon2-cffi
boto3==1.43.108 \
    --hash=sha256:03341f089158368acf83e921aca98b706095322ca52bc4c039a616940aa5ad41 \
    --hash=sha256:19e9da95ef0c494e27052049a42137550e66730509bb613e76eaa30ddf9a7170
    # via fleet-delivery-api
botocore==1.43.108 \
    --hash=sha256:ab9d16c6b4350aaa54ed28202dfa2998b2d735fdbf3247eb60af469d8d48a5b8 \
    --hash=sha256:ee4f75cf3bdbb0da7912e089950e8112f692016539d939312c771499958e6cfd
    # via
    #   boto3
    #   s3transfer
certifi==2026.7.22 \
    --hash=sha256:62f22742b58a1a33014a2b6b706588a8d7e2a88ae7bd1a6ebe8c992928483775 \
    --hash=sha256:741e2c3b351ddf169a738da9f2c048608ff7f2c5cc02f1ebc6b118bb090d5d55
    # via
    #   httpcore
    #   httpx
cffi==2.1.1 \
    --hash=sha256:046bfc24911b37851ee1b51aab8bffe713d89c68c6a057b09484ce9fd5f69b4e \
    --hash=sha256:208f941bb9d18e768138677f0a6d2ce01f590df56043dda1df1535ac57c88517 \
    --hash=sha256:210019b6c7cf07f081b4c54635c8cf744377001350e29cc0f81c4377b4797735 \
    --hash=sha256:3143d81e29e1e20a9ce10901ec369012947876596f75a222235965f2b7ae832e \
    --hash=sha256:4a7c934f7360e8cd64fe9efadcbd10c7c6364f531e432b9a4bf5ccbc9e0e8b50 \
    --hash=sha256:68e62fe11f30d5ca8289242866f0a5291402d8529ca2178ab8afc5c9694ae890 \
    --hash=sha256:7bde5e4cc5c10140859842b9d383af292b22639a4dffb725314baf45968cef80 \
    --hash=sha256:811bd1e21d32de12efca32393a0ab3f5133b54fce9bd44b8bd77ab07da14bf6a \
    --hash=sha256:c1453022f490d2459a11819d83ad1d586e9ff65a12ac3e705ffebd46d3685dcf \
    --hash=sha256:c8c69575568085ba0b1b10c0249d779a214aea6f6522e949a0fc9fb0fcb449d0 \
    --hash=sha256:dd31f52ea1086513bb9df30f8fcee9b8918323ae067a3d5b78bc826a000712be \
    --hash=sha256:f53e442b08449d42821fa4a4fba000095af9f62742a500f978a9f557ec44339a \
    --hash=sha256:f81b3b8f3d4e343550fa4baa0e479bba9f2d29ce9c2e9b51d1ce1718d7442fcf
    # via argon2-cffi-bindings
click==8.5.0 \
    --hash=sha256:255bc9599cf7748b4b1a446ccc735421bd08a2ae529a8b88597d3de5664ee360 \
    --hash=sha256:ba0d2089de75ea0310e2dde03160e6ca10009947fb95a182f9b54021bb272e34
    # via uvicorn
fastapi==0.142.2 \
    --hash=sha256:06366626f2e70576367714d9ab2fe8472e6c8456dba69b399f9f797ab5e92570 \
    --hash=sha256:bd5f4d81f1e93a88bcd77caf4dfe3c2dbffc3805407a0007e9a114c18b3a670b
    # via fleet-delivery-api
h11==0.16.0 \
    --hash=sha256:4e35b956cf45792e4caa5885e69fba00bdbc6ffafbfa020300e549b208ee5ff1 \
    --hash=sha256:63cf8bbe7522de3bf65932fda1d9c2772064ffb3dae62d55932da54b31cb6c86
    # via
    #   httpcore
    #   uvicorn
httpcore==1.0.9 \
    --hash=sha256:2d400746a40668fc9dec9810239072b40b4484b640a8c38fd654a024c7a1bf55 \
    --hash=sha256:6e34463af53fd2ab5d807f399a9b45ea31c3dfa2276f15a2c3f00afff6e176e8
    # via httpx
httptools==0.8.0 \
    --hash=sha256:425f83884fd6343828d8c565f046cb72b6d19063f6924093e11bcd8e1548cd09 \
    --hash=sha256:5931891fb7b441b8a3853cf1b85c82c903defce084dd5f6771ca46e31bf862c5 \
    --hash=sha256:6b2a32f18d97e16e90827d7a819ffa8dbd8cc245fc4e1fa9d1095b54ef4bd999 \
    --hash=sha256:880490234c10f70a9830743097e8958d6e4b9f5a0ffc24515023afeef984054d \
    --hash=sha256:a1afd7c9fbff0d9f5d489c4ce2768bd09c84a46ddefc7161e6aa82ae35c85745 \
    --hash=sha256:b15fc622b0f869d19207c4089a501d9bcc63ca5e071ffdd2f03f922df882dcb2 \
    --hash=sha256:cd96f29b4bab1d42fa6e3d008711c75e0f79e94e06827330160e3a304227f150 \
    --hash=sha256:ef7c3c97f4311c7be57e2986629df89d49cb434dbff78eafcd48c2bff986b15a
    # via uvicorn
httpx==0.28.1 \
    --hash=sha256:75e98c5f16b0f35b567856f597f06ff2270a374470a5c2392242528e3e3e42fc \
    --hash=sha256:d909fcccc110f8c7faf814ca82a9a4d816bc5a6dbfea25d6591d6985b8ba59ad
    # via fleet-delivery-api
idna==3.20 \
    --hash=sha256:a7db850025b95ded1eae8a46181a1a6c56c92c96f0e2b005d9ff8dc0210cab44 \
    --hash=sha256:ab7ae7122974553370f0bdb919e1a960b2cd1bc1ef0276416d896db81c14582c
    # via
    #   anyio
    #   httpx
immutabledict==4.3.1 \
    --hash=sha256:c9facdc0ff30fdb8e35bd16532026cac472a549e182c94fa201b51b25e4bf7bf \
    --hash=sha256:f844a669106cfdc73f47b1a9da003782fb17dc955a54c80972e0d93d1c63c514
    # via ortools
jmespath==1.1.0 \
    --hash=sha256:472c87d80f36026ae83c6ddd0f1d05d4e510134ed462851fd5f754c8c3cbb88d \
    --hash=sha256:a5663118de4908c91729bea0acadca56526eb2698e83de10cd116ae0f4e97c64
    # via
    #   boto3
    #   botocore
mako==1.4.3 \
    --hash=sha256:723296007c870bfd6b3f0c3230dba7198096e5269297ebf5e4eff9e7ffa39d4f \
    --hash=sha256:cd6537fe88d5fec315c55c2f8529bc4ce7a9a352ad7db3eeaa6a66e2dd4ec37a
    # via alembic
markupsafe==3.0.4 \
    --hash=sha256:0930db9bdc62d22944e10b066448bb65dc9abe9112880c7cab8da54db4284d5f \
    --hash=sha256:11935df9bf455ed0c04eb87bcd720f02b1fe5e02128a9430f23aed6f93336fc7 \
    --hash=sha256:1e1451fab512d1bcc3dc26988ec1edb0b82c2db909132872cd9356070a6b63df \
    --hash=sha256:2e9ad7dd851bf45fab9f75cbff4cb493fee9979e8d8c7c9c3ee119022518edd6 \
    --hash=sha256:61631e08084be9e21a8967ec3139c7616ed7c5e9368e05c86d1b39562c8a57b6 \
    --hash=sha256:64511c54db4e4987aef4c41923235927428729e8174c5dba488429be70a998ed \
    --hash=sha256:6a45c3d514f2436064db00d7fc8778d888f0236ebfed649b53d13a59e69ad51b \
    --hash=sha256:8e124f974786f831d6043728e38296969d3579db8896fe004682f5758e613581 \
    --hash=sha256:9f098115c247e11d138ab83a28fa0323c77015007ea2df73ba5fd714dfefd67c \
    --hash=sha256:a4bbd2d87dd233b9fc5812160c3d0ffbe42edc22a26ce0469f58479ede633fe9 \
    --hash=sha256:bd3ce56ae2cbae3ba82b683bc425cd7e48d2ed8b10f3e818186b6f5646d9271c \
    --hash=sha256:c02e8f18bdedba082cef725942ac823b9b60656db07f7e265cb31618dfd00d77 \
    --hash=sha256:c9a7f43c0b202b334cc9184af09bb8f21d3a209e038efaf106936fb69e6b026e \
    --hash=sha256:d5f93ebbeb8032d47e349328ec8662d973d9b05a70b3c35df1f91fe419b84749 \
    --hash=sha256:e1a622f13970d81f95d0c72f9dc090dce9085fccfa4c9f2174377ee32bd15786 \
    --hash=sha256:f0ec3b750b59375eab5b0fb2b9254810c00a3375be6d789899f1055a1d556237
    # via mako
numpy==2.5.3 \
    --hash=sha256:0a59a421a32580a009e8a1751345bf829631b990dc1794b80514ab722b435def \
    --hash=sha256:4f8929ee6c96bfbd7b4ed2032e0c03af86fe1826740ab61ddabf9072d06e57ff \
    --hash=sha256:76c2c1e6bfa5c84adc6434dfbf013aa92096a7985221762c8f11fedfd20fff58 \
    --hash=sha256:a72f874bc9e10e4b8f80426fb49716d5141f64442a0c8418065093ec8017fbb0 \
    --hash=sha256:b5d93cf48f687479941d12b69c873ad2cc76bbd487f0091c2200636497f34034 \
    --hash=sha256:b7e18c623bb5c95acb3b3328861272816ba199fb531921c5d6d0b675f1fde9e3 \
    --hash=sha256:bf63afbe037eb5d2fe87fbcc7778e61da53ebaf21d938a4515aa73b62532a5d4 \
    --hash=sha256:cb189f09db39283b26bfd061ec16189e14f71c6755207f72a0f7540867afe5b9 \
    --hash=sha256:ccb32e0525d29e8b0572eb84c9a57af0e7a4e615726927506f55063c62414034 \
    --hash=sha256:df2d5874ff183595a4ba404edd04f6bd9b5505c1d7708573f6a6c17489a67563 \
    --hash=sha256:f59a878c33d6b88122d80d239bb3b845d58708750b0cb06a09aebb9b18ec696c \
    --hash=sha256:fc36dc566135b5eceec4cf89758fcb719266a019ef07dae1754ae7c9f617ef3e
    # via
    #   ortools
    #   pandas
opentelemetry-api==1.45.0 \
    --hash=sha256:711ede81773c8025c2c03dac0450bc89f3d30aea6eabcc815c570d4e35a963f7 \
    --hash=sha256:80e068aba7cd56c8b58512d6a36f8d25cb1dfaa0c0a4cc1c938ccf9f362d9cb3
    # via fastapi
ortools==9.15.6755 \
    --hash=sha256:033836c0eb33bc72697a299e0caedbb25fc9d1cee0b13832d69cb30405f57b3e \
    --hash=sha256:1e16686c2b457fa6242c474ab890ee1712347ab53678e0d2fab307ae03e97a4b \
    --hash=sha256:3cd6bec0a2e00e3891a53e3b436f45a1000269f302085572f49e9856b7f8eaf0 \
    --hash=sha256:487796301fd9dad55f9cf21f9313c834697f74306d1a59f002e152862f8eb1b5 \
    --hash=sha256:ae1c6e1fd844b4d756b22eb6c0ed574ea4342ee206d807c4f903039e748228fa
    # via fleet-delivery-api
pandas==3.0.6 \
    --hash=sha256:0704044b676496b8350e023b09f174a26772456c974a2b11c36bebb558c9490d \
    --hash=sha256:2a8fc94be2ee5f1d86f97aacd8cc566f81680b6498e76f3007421bb5d98151bf \
    --hash=sha256:3ef908d28590b3f42d7070e7ad8f9b34b442b260b7f3c1afb57e0040c58cdb1b \
    --hash=sha256:569e114072b24fc4970c12e2b4bab252671668a40b324318903380cab0254c0c \
    --hash=sha256:66b07ef7315a31bfe1089cd3d71a7de781c9dca986762d0b4fe7c0ef17465d10 \
    --hash=sha256:7dac2d65e9087e8e7b5a45fe15c4920911a221df061ab629943ce016489145c7 \
    --hash=sha256:9dab635a549e58a053c7b0fa054dc0bd7be22f0ed9a720f4a85d5fb993276172 \
    --hash=sha256:e3dccb584123b399c07562ac4d62543e90ede49ddf8ce3c13ffc64cbe828c281 \
    --hash=sha256:e7c1905ef02c3d6d43d9dbd5b6ccb4da4870a0b0c821bbc103fbdb6f3ad2707b \
    --hash=sha256:f4e7c52eb108d752e7592268108fd3e98efd76d83a3125cdd06c621c2e44359b
    # via ortools
protobuf==6.33.6 \
    --hash=sha256:0cd27b587afca21b7cfa59a74dcbd48a50f0a6400cfb59391340ad729d91d326 \
    --hash=sha256:77179e006c476e69bf8e8ce866640091ec42e1beb80b213c3900006ecfba6901 \
    --hash=sha256:7d29d9b65f8afef196f8334e80d6bc1d5d4adedb449971fefd3723824e6e77d3 \
    --hash=sha256:9720e6961b251bde64edfdab7d500725a2af5280f3f4c87e57c0208376aa8c3a \
    --hash=sha256:a6768d25248312c297558af96a9f9c929e8c4cee0659cb07e780731095f38135 \
    --hash=sha256:c96c37eec15086b79762ed265d59ab204dabc53056e3443e702d2681f4b39ce3 \
    --hash=sha256:e2afbae9b8e1825e3529f88d514754e094278bb95eadc0e199751cdd9a2e82a2 \
    --hash=sha256:e9db7e292e0ab79dd108d7f1a94fe31601ce1ee3f7b79e0692043423020b0593
    # via ortools
psycopg==3.3.6 \
    --hash=sha256:a1db9f7148b06a28606767efaca51fa6f9398c5c0a3810519be69d7000bdb631 \
    --hash=sha256:c081f2250df751a943036e42db6df4571c66cd0aabe8291a7a506512b12007d2
    # via fleet-delivery-api
psycopg-binary==3.3.6 ; implementation_name != 'pypy' \
    --hash=sha256:1679a1cb93fbe5a6d1fd58d82cbddcc6fcb8c61446ba7cae6eb2a7b19bc585de \
    --hash=sha256:289aadd6a00e151203c081f708348ec89f1e483c9b510ef4ac3981f847f01f79 \
    --hash=sha256:366db6e97e66b37211475f20c4c1324a2dc0dd825e46d4e87f9d599304d276f9 \
    --hash=sha256:37d40450659401600e6d043ff586c89a71a69f33cbb8bcdba6cdb2569beecdbe \
    --hash=sha256:3f84dab25e0385692ee13274c68678377e0b1a70ab9d14e56264cbf61f60c62d \
    --hash=sha256:612382ac3ed13651c7fa44b5fee9fbf7baaa2ddbc6f500391672682c5f1df9e0 \
    --hash=sha256:a4ee3bdd5468a725f2a4d9aab8a74b6d0279f768c8b5d3aeb102c5307ff3d59c \
    --hash=sha256:a5165300324efd5a772c48a88ab3a928513ab3979fca76553e62ee815f7b2b9c \
    --hash=sha256:d636338c8f21b0df2f84657b00bc34f9313f826ef93f1155bc743607e4a0c5eb \
    --hash=sha256:e23a66a763fbe83fcc210bc77c27e5a5ea380ebf091c06f34d8561b695e5a40f \
    --hash=sha256:f21d057f3e5f5491067e5b292498073b73847d48799b099803fef100775fcc52
    # via psycopg
pycparser==3.0 ; implementation_name != 'PyPy' \
    --hash=sha256:600f49d217304a5902ac3c37e1281c9fe94e4d0489de643a9504c5cdfdfc6b29 \
    --hash=sha256:b727414169a36b7d524c1c3e31839a521725078d7b2ff038656844266160a992
    # via cffi
pydantic==2.13.5 \
    --hash=sha256:346a034f080da3755d8e9cb5e00e8b07de1d39e4f6e2c87d8ab7cafa0b269a73 \
    --hash=sha256:51a9c5f7b2f8e636f04c6cada605d9b6a3bf1348fdf945a3d8869b19bba0ee08
    # via
    #   fastapi
    #   pydantic-settings
pydantic-core==2.46.5 \
    --hash=sha256:013d6f3483d81e02e7c328831808f336c8596ee33b4bd4026b9ffb1e960b8942 \
    --hash=sha256:0fc5be0abd4a407e200d844b404e33639a554e7bd0d448e7b9ae181be4789ac2 \
    --hash=sha256:10416c15b8839ecc4ef4d0885da76da6fd0f67333a0eb8aff6d93c4b8f2910fc \
    --hash=sha256:18a09e1e1011b462f2e32774f25859ef1223d5c2b0546a633cf56654710721e0 \
    --hash=sha256:2bc9419666990c06d7397831f2126a1ecc3594aaa3ff7de5bf2d066802f4e07b \
    --hash=sha256:347ec774390c87326a2e4929d58d3f7e8763a104d5d35f4cd595a4c952366433 \
    --hash=sha256:4fdc8b93a41521988916eeaa271173fcca7fa0803d62f87675aac8dcec1c8e29 \
    --hash=sha256:5cb482e9e84c851f4e623fe4acc1ced89168cf1fe18f7089db4548c8f5bbb65b \
    --hash=sha256:5e81740c09e310f5aa5cbd3e434a01c154d4bef93241c7877b39f211d2b78ba8 \
    --hash=sha256:816ff0a6550ffc06c098ccd2e0698600f9aa7da192a79eaa6f9af504a35db869 \
    --hash=sha256:8e24d8f05fa2d28513d94e877e9c75ad66175376209b3977f916e240e623193c \
    --hash=sha256:a39ac25a9a2fa4072efdb429833c4a4c8009a51ff9eea3eeae131713cd27991e \
    --hash=sha256:b98134087d9de723658d17a42c7d0da8d6e2ef08015dee7dc93889047315f5e4 \
    --hash=sha256:b9fe6fb92520e3fd61f2e49000b6911b188824f089b75973ea06d6267f0b476d \
    --hash=sha256:c7ea57fc63aa7da93a1bd2d644e6577befae10c52c4e36377635eea1056a74f5 \
    --hash=sha256:d925f3d9afd05a8c0fb3a1031463a8d59ebe5e2afad297e29c78be19e13b4e62 \
    --hash=sha256:e652ab17569c94bff5475520f907b7148b8c24036a8ebbe5cf7cf7493d28579a \
    --hash=sha256:e9c134bb666dd54b778b9fc0d2b50cbb7f979b9e3716f26a88c9ab3b6fc1dd0f \
    --hash=sha256:efd62a42486f1bda5d24cb4f63d15a3c7768375fe83d36f9417b4ad7a2fb20b3 \
    --hash=sha256:f7b0ec93a2893de856652154d73b7ba622f26fa97726487dcac373de5f4c6084
    # via pydantic
pydantic-settings==2.15.0 \
    --hash=sha256:0ba092c291c94baceb5eff768aa0d56400a457585bc0175925a5a5510303da42 \
    --hash=sha256:694b793e84f766ba76a90ebdefc01d0a9a045dab0382bee70393da93712ad117
    # via fleet-delivery-api
pyjwt==2.15.1 \
    --hash=sha256:42d59d631f7768a1028a64c7ff581a9bf7519804daf91fc5b6c56e30eec5e193 \
    --hash=sha256:4f259e80cdfb6b3fc18a7de51fd1ef9ec79652f25019bae68975ca2468a34df8
    # via fleet-delivery-api
python-dateutil==2.9.0.post0 \
    --hash=sha256:37dd54208da7e1cd875388217d5e00ebd4179249f90fb72437e91a35459a0ad3 \
    --hash=sha256:a8b2bc7bffae282281c8140a97d3aa9c14da0b136dfe83f850eea9a5f7470427
    # via
    #   botocore
    #   pandas
python-dotenv==1.2.4 \
    --hash=sha256:42269a8a5b3fd54ffa6f3d84b18abed50064717576b4ecf03dc4a55d8aa04fdc \
    --hash=sha256:f0d53e69935a851c0dcc78f3ab7aaccd8cabef0b92382b576b824212902873c0
    # via
    #   pydantic-settings
    #   uvicorn
pyyaml==6.0.3 \
    --hash=sha256:41715c910c881bc081f1e8872880d3c650acf13dfa8214bad49ed4cede7c34ea \
    --hash=sha256:5fcd34e47f6e0b794d17de1b4ff496c00986e1c83f7ab2fb8fcfe9616ff7477b \
    --hash=sha256:5fdec68f91a0c6739b380c83b951e2c72ac0197ace422360e6d5a959d8d97b2c \
    --hash=sha256:64386e5e707d03a7e172c0701abfb7e10f0fb753ee1d773128192742712a98fd \
    --hash=sha256:7f047e29dcae44602496db43be01ad42fc6f1cc0d8cd6c83d342306c32270196 \
    --hash=sha256:8dc52c23056b9ddd46818a57b78404882310fb473d63f17b07d5c40421e47f8e \
    --hash=sha256:9149cad251584d5fb4981be1ecde53a1ca46c891a79788c0df828d2f166bda28 \
    --hash=sha256:96b533f0e99f6579b3d4d4995707cf36df9100d67e0c8303a0c55b27b5f99bc5 \
    --hash=sha256:ba1cc08a7ccde2d2ec775841541641e4548226580ab850948cbfda66a1befcdc \
    --hash=sha256:d76623373421df22fb4cf8817020cbb7ef15c725b9d5e45f17e189bfc384190f \
    --hash=sha256:fc09d0aa354569bc501d4e787133afc08552722d3ab34836a80547331bb5d4a0
    # via uvicorn
redis==7.4.1 \
    --hash=sha256:1a1df5067062cf7cbe677994e391f8ee0840f499d370f1a71266e0dd3aa9308e \
    --hash=sha256:1fa4647af1c5e93a2c685aa248ee44cce092691146d41390518dabe9a99839b0
    # via fleet-delivery-api
s3transfer==0.19.2 \
    --hash=sha256:ba0309fd86be3c27dbf78cdd813c13c5e1df16e5874b99d2535ebbdfb9892993 \
    --hash=sha256:d8168eccca828cbb2cd573675333f3bddd254313a9c42494b84c76b539e8ba25
    # via boto3
six==1.17.0 \
    --hash=sha256:4721f391ed90541fddacab5acf947aa0d3dc7d27b2e1e8eda2be8970586c3274 \
    --hash=sha256:ff70335d468e7eb6ec65b95b99d3a2836546063f63acc5171de367e834932a81
    # via python-dateutil
sqlalchemy==2.1.3 \
    --hash=sha256:2b7c7d6db0d967a9feedda37d1bbbbea2415e6d5e8e6ff7ef6e52990f33ae414 \
    --hash=sha256:314407ce02091e80ec295c2392ad04573a08fa9517359a99b63bdfdb041e6c55 \
    --hash=sha256:565da0a28051cc4ac6f3ae6e9f33cae707ac6b102eac077ebdaada05226f8e3d \
    --hash=sha256:6a60162b10e59cde7037b65ee52c45ff106f183b454d3763351534d18c109641 \
    --hash=sha256:6f0cf4debd86cb5623a50310784bd005c215761ca7f618d0d4f46193d033675a \
    --hash=sha256:7089cd2408cdae671c0775991e91349532d44f91fccc3248aada4b2243600da8 \
    --hash=sha256:7cdc5952525055fcddbbd4ca6c53812e228b6478cc95bdd7bbb24708ed045740 \
    --hash=sha256:8212524da8426cc35b99d573447f7e13e94eaf4ae31fcc0f84132222c0e7d904 \
    --hash=sha256:ade5281df06038c6394f532590d592d3381ee5d11b9e0006a2570aef41145118 \
    --hash=sha256:c663d71a0dbac51085074ad779d555a69af18f5ef01690c8206a92603df46cc9 \
    --hash=sha256:f097f4efb9ba48f3069b17998abd8bbe2131b7f5d3c00ab7b69101d68bd976f4 \
    --hash=sha256:f68fb01c2bea9d6e362f37f8109974d285718880ee59eefff1c9a11e5e5df6a9
    # via
    #   alembic
    #   fleet-delivery-api
starlette==1.7.0 \
    --hash=sha256:67f8e99895493dd2911a03f11314af6ceebeae4e704bb9f43dfc6a9db151c93e \
    --hash=sha256:c79f74ea63cff761804fbbfb182f1e0b440c2d07b164d24700c5a1bab5d6ff5d
    # via fastapi
typing-extensions==4.16.0 \
    --hash=sha256:481caa481374e813c1b176ada14e97f1f67a4539ce9cfeb3f350d78d6370c2e8 \
    --hash=sha256:dc983d19a509c94dba722ee6abd33940f7c05a89e243c47e907eb4db6f1a43e5
    # via
    #   alembic
    #   anyio
    #   fastapi
    #   opentelemetry-api
    #   ortools
    #   psycopg
    #   pydantic
    #   pydantic-core
    #   sqlalchemy
    #   starlette
    #   typing-inspection
typing-inspection==0.4.4 \
    --hash=sha256:547274fa6b0a561ccf549cc9524b999a578e737d015d8709d021f9d0d13bea47 \
    --hash=sha256:65b8397ba37ccbce054456aaccddfc91e6e3083c92824df348d96ca832f3f147
    # via
    #   fastapi
    #   pydantic
    #   pydantic-settings
tzdata==2026.5 ; sys_platform == 'emscripten' or sys_platform == 'win32' \
    --hash=sha256:8cc73c0a0bfca7dbfa59235d60b2eff82231dee33f53d206db1acd9173cfc0a7 \
    --hash=sha256:b683bd1b6659ddcd810ff02ad09ba821d4bf1065072805063eb35c49617905ac
    # via
    #   pandas
    #   psycopg
urllib3==2.8.0 \
    --hash=sha256:0cf3cae568d36aa9576b28dfb35f11328f1cb974ca7647d9475ebb86c75ac6e3 \
    --hash=sha256:63bf2ead4c879426ebf22ef2a781eeb4aa3b4ae798a0435506f8687fd5bb9b63
    # via botocore
uvicorn==0.54.0 \
    --hash=sha256:505bdb0f318731d45f1f712071fc781a8981f6847a31c902c9f5e652d4f67faf \
    --hash=sha256:a2e33cbfaa0306f8e6b0c13e0cb89d7d7a2da3e62b90c66e18c33d9807b28620
    # via fleet-delivery-api
uvloop==0.23.0 ; platform_python_implementation != 'PyPy' and sys_platform != 'cygwin' and sys_platform != 'win32' \
    --hash=sha256:090865d8ce7a03986755a3ce711b7dd0d4b44eb14ab74368b717f3fad1180208 \
    --hash=sha256:28d160f51ab4da3b187063652e643dea6831072add4adc1e6d62afbe73b6be27 \
    --hash=sha256:4448e9124537620f9c25d004c227bb5104440b58955c19bbd312d910af919a63 \
    --hash=sha256:93935ab27b6eaef4c3e5489aebc84284f0644592f7ab516df60ee1b27eaf5eb3 \
    --hash=sha256:a6ac96da66c35bf789bdcde78a88dc7d56b7907d8379648c54adc1c61594575d \
    --hash=sha256:bd6f2f81c7b9da99d301c0b16b82044e76fe887086e42e1590ecf520b94dbdac \
    --hash=sha256:f7548ede3ee908cfabc0d068106e303a9a2d811af959cdf6ab85676344cedcda
    # via uvicorn
watchfiles==1.3.0 \
    --hash=sha256:000b9688fc8133037a8b075c8ebf98f32844ff8964dda61e85c1db547dafc441 \
    --hash=sha256:025b108f2d5cc2799cb941f79380df3e8b22bfb589c218e801767fe78d598c95 \
    --hash=sha256:1acabde19b67e673274e89a04d613b7fb1f122e2c4b8ec9a581e59c149264b61 \
    --hash=sha256:380f513d26cc2e598266b88d66456e07d67ef4be8f0f435a1154d9c44b43d509 \
    --hash=sha256:4af9c464d410e8c44b58ddf1cbec7c3a02c1cb2c6c80df9c74659ba2fbda0ab5 \
    --hash=sha256:509d9f74d2bec5c1f4cd868ddcfe0c9601f7ea53066dfcb19d8ede742c4de661 \
    --hash=sha256:7398930a2b76b9dc67a4e6b8bfc7baf30946892a86f417a3920c07bdd6febc30 \
    --hash=sha256:99aee4a07847c06820765fd7b1b49ceac4f3f711ccb7d104655a33231de1c207 \
    --hash=sha256:b5768b49e426fd5b550b012c866db347cdf15c398ef98dc557b6e6b72fa74cd1 \
    --hash=sha256:bbc1198edfdc90fda0600f825aa94150f428dfcbf8138746f55998e0e660d64c \
    --hash=sha256:be9ef3cd403d756a304a0a08a112163c63da7ec72c8c9d083c98818291ff8f29 \
    --hash=sha256:d36c72fcdc08f143d87316a4c4c3b064e340da2c7383d39803950740ed418935 \
    --hash=sha256:d978cc1dd7ba44f5590d7de74f7a9c8be7262d9e469c2c0efb8bbfc2574321dc \
    --hash=sha256:eb94e40b9a0db19636b5e3fed0a9803452ecc7381df13b385272abb779ee83ca \
    --hash=sha256:f0c9865240e065a2247f4b5248528ae3d01e0e8ae071462c250c884dc16e3ee3
    # via uvicorn
websockets==17.2 \
    --hash=sha256:01420cb1cb47433e8e7075d32cb8017ad3ffed0654bd1e48c0251b865920dec3 \
    --hash=sha256:0198c4ec6a3406a2f7557c032967de426474c2c995c81076585e09d29a9f407b \
    --hash=sha256:0360c4dc13ac569cc245e0efa2f4d4b1e4733d24c47b8ab3f3747227b1356348 \
    --hash=sha256:3621f3686397708b8eeabfd0a9d75267c1f29a7537d2fe31e65d099e71587fa4 \
    --hash=sha256:36c2fb94c990cc2545143b12690e2de6c16300f9dbe5b4f33fa300cf57dc8792 \
    --hash=sha256:3bbc5543e39ee025d524077c5c15c2d67bc11c9f6676afe5b531839e24d701f6 \
    --hash=sha256:63499fc49efe48bccc2fca40723bc7adb198866cbe159093dd979905316994b6 \
    --hash=sha256:6627b913b8586b1c06db9516b31dd0dfbc621de3bb9312616d92a7e44f268a5b \
    --hash=sha256:6aa59f0ef92e796b2db6f5f26550c4713c0e4036899fadf02f55e2ed4db0b7ae \
    --hash=sha256:76693a16dead737946b651375ee3109d7db7ad9569a1c55c60aaed3ef85cfcc6 \
    --hash=sha256:77a42cc507993ec5471b5283f7eef869239173b6000031543e3938a86d1af0fd \
    --hash=sha256:88c6a42c2632ff469e84155e44f6ed92cb15ccb047bf5fcb59225ae5a12fd33d \
    --hash=sha256:8da58558bfb0ca6ccac2419773521f1111e40654038b1afabdfc69c02cb82614 \
    --hash=sha256:916ebdfd82e7fc68041d36b2b5f60361b9abce1e087454da15f8bd004839e090 \
    --hash=sha256:96f6c8d0fe21930d1f982bfce2382789d2e8d005d2ab63d21280660f95ef8fe1 \
    --hash=sha256:a81e19710d48da88653473b6b9c366d47e99fe4f58e37ce415be47966748f31f \
    --hash=sha256:b25659ab2d655d742701487d5591e3f98e8f8b329fc999e05e3d59691ab344a1 \
    --hash=sha256:c1c09d5d4646eb96bda2cfb97493bcea21a0956a981de116e6b1f4a9de07f3fd \
    --hash=sha256:c49c9edd47d0e44d360299e2d8865e2950d2fcf1b4098782c9d7dcd070919e5a \
    --hash=sha256:eb0023e6cdb4b8ece0b33875188dd16104ad8c335361d396a98394f99e30ff7a \
    --hash=sha256:f2731f9067976c8c4127212c0d2f2ada42d497d935e470419e029802365b12bb \
    --hash=sha256:faa763b677e96f1beccc6b4d7e8c079dfeed2f249f57a19debc321b519ee64ec
    # via
    #   fleet-delivery-api
    #   uvicorn
